// !$*UTF8*$!
{
	archiveVersion = 1;
	classes = {
	};
	objectVersion = 77;
	objects = {

/* Begin PBXBuildFile section */
		8F8A36402F3A18BD00A915FA /* AppsFlyerLib in Frameworks */ = {isa = PBXBuildFile; productRef = 8F8A363F2F3A18BD00A915FA /* AppsFlyerLib */; };
		8F8A36432F3A190700A915FA /* FirebaseAnalytics in Frameworks */ = {isa = PBXBuildFile; productRef = 8F8A36422F3A190700A915FA /* FirebaseAnalytics */; };
		8F8A36452F3A190700A915FA /* FirebaseDatabase in Frameworks */ = {isa = PBXBuildFile; productRef = 8F8A36442F3A190700A915FA /* FirebaseDatabase */; };
		8F8A36472F3A190700A915FA /* FirebaseMessaging in Frameworks */ = {isa = PBXBuildFile; productRef = 8F8A36462F3A190700A915FA /* FirebaseMessaging */; };
		8F8A36562F3A198D00A915FA /* DepthNotificationExtension.appex in Embed Foundation Extensions */ = {isa = PBXBuildFile; fileRef = 8F8A364F2F3A198D00A915FA /* DepthNotificationExtension.appex */; settings = {ATTRIBUTES = (RemoveHeadersOnCopy, ); }; };
		8F8A365E2F3A19AD00A915FA /* FirebaseMessaging in Frameworks */ = {isa = PBXBuildFile; productRef = 8F8A365D2F3A19AD00A915FA /* FirebaseMessaging */; };
/* End PBXBuildFile section */

/* Begin PBXContainerItemProxy section */
		8F8A36542F3A198D00A915FA /* PBXContainerItemProxy */ = {
			isa = PBXContainerItemProxy;
			containerPortal = 9558D5662F22659000F24E01 /* Project object */;
			proxyType = 1;
			remoteGlobalIDString = 8F8A364E2F3A198D00A915FA;
			remoteInfo = DepthNotificationExtension;
		};
/* End PBXContainerItemProxy section */

/* Begin PBXCopyFilesBuildPhase section */
		8F8A365B2F3A198D00A915FA /* Embed Foundation Extensions */ = {
			isa = PBXCopyFilesBuildPhase;
			buildActionMask = 2147483647;
			dstPath = "";
			dstSubfolderSpec = 13;
			files = (
				8F8A36562F3A198D00A915FA /* DepthNotificationExtension.appex in Embed Foundation Extensions */,
			);
			name = "Embed Foundation Extensions";
			runOnlyForDeploymentPostprocessing = 0;
		};
/* End PBXCopyFilesBuildPhase section */

/* Begin PBXFileReference section */
		8F8A364F2F3A198D00A915FA /* DepthNotificationExtension.appex */ = {isa = PBXFileReference; explicitFileType = "wrapper.app-extension"; includeInIndex = 0; path = DepthNotificationExtension.appex; sourceTree = BUILT_PRODUCTS_DIR; };
		9558D56E2F22659000F24E01 /* FishDepthNotes.app */ = {isa = PBXFileReference; explicitFileType = wrapper.application; includeInIndex = 0; path = FishDepthNotes.app; sourceTree = BUILT_PRODUCTS_DIR; };
/* End PBXFileReference section */

/* Begin PBXFileSystemSynchronizedBuildFileExceptionSet section */
		8F8A364A2F3A191600A915FA /* Exceptions for "FishDepthNotes" folder in "FishDepthNotes" target */ = {
			isa = PBXFileSystemSynchronizedBuildFileExceptionSet;
			membershipExceptions = (
				Info.plist,
			);
			target = 9558D56D2F22659000F24E01 /* FishDepthNotes */;
		};
		8F8A365A2F3A198D00A915FA /* Exceptions for "DepthNotificationExtension" folder in "DepthNotificationExtension" target */ = {
			isa = PBXFileSystemSynchronizedBuildFileExceptionSet;
			membershipExceptions = (
				Info.plist,
			);
			target = 8F8A364E2F3A198D00A915FA /* DepthNotificationExtension */;
		};
/* End PBXFileSystemSynchronizedBuildFileExceptionSet section */

/* Begin PBXFileSystemSynchronizedRootGroup section */
		8F8A36502F3A198D00A915FA /* DepthNotificationExtension */ = {
			isa = PBXFileSystemSynchronizedRootGroup;
			exceptions = (
				8F8A365A2F3A198D00A915FA /* Exceptions for "DepthNotificationExtension" folder in "DepthNotificationExtension" target */,
			);
			path = DepthNotificationExtension;
			sourceTree = "<group>";
		};
		9558D5702F22659000F24E01 /* FishDepthNotes */ = {
			isa = PBXFileSystemSynchronizedRootGroup;
			exceptions = (
				8F8A364A2F3A191600A915FA /* Exceptions for "FishDepthNotes" folder in "FishDepthNotes" target */,
			);
			path = FishDepthNotes;
			sourceTree = "<group>";
		};
		9558D5982F2265A000F24E01 /* Home */ = {
			isa = PBXFileSystemSynchronizedRootGroup;
			path = Home;
			sourceTree = "<group>";
		};
/* End PBXFileSystemSynchronizedRootGroup section */

/* Begin PBXFrameworksBuildPhase section */
		8F8A364C2F3A198D00A915FA /* Frameworks */ = {
			isa = PBXFrameworksBuildPhase;
			buildActionMask = 2147483647;
			files = (
				8F8A365E2F3A19AD00A915FA /* FirebaseMessaging in Frameworks */,
			);
			runOnlyForDeploymentPostprocessing = 0;
		};
		9558D56B2F22659000F24E01 /* Frameworks */ = {
			isa = PBXFrameworksBuildPhase;
			buildActionMask = 2147483647;
			files = (
				8F8A36472F3A190700A915FA /* FirebaseMessaging in Frameworks */,
				8F8A36452F3A190700A915FA /* FirebaseDatabase in Frameworks */,
				8F8A36432F3A190700A915FA /* FirebaseAnalytics in Frameworks */,
				8F8A36402F3A18BD00A915FA /* AppsFlyerLib in Frameworks */,
			);
			runOnlyForDeploymentPostprocessing = 0;
		};
/* End PBXFrameworksBuildPhase section */

/* Begin PBXGroup section */
		8F8A365C2F3A19AD00A915FA /* Frameworks */ = {
			isa = PBXGroup;
			children = (
			);
			name = Frameworks;
			sourceTree = "<group>";
		};
		9558D5652F22659000F24E01 = {
			isa = PBXGroup;
			children = (
				9558D5982F2265A000F24E01 /* Home */,
				9558D5702F22659000F24E01 /* FishDepthNotes */,
				8F8A36502F3A198D00A915FA /* DepthNotificationExtension */,
				8F8A365C2F3A19AD00A915FA /* Frameworks */,
				9558D56F2F22659000F24E01 /* Products */,
			);
			sourceTree = "<group>";
		};
		9558D56F2F22659000F24E01 /* Products */ = {
			isa = PBXGroup;
			children = (
				9558D56E2F22659000F24E01 /* FishDepthNotes.app */,
				8F8A364F2F3A198D00A915FA /* DepthNotificationExtension.appex */,
			);
			name = Products;
			sourceTree = "<group>";
		};
/* End PBXGroup section */

/* Begin PBXNativeTarget section */
		8F8A364E2F3A198D00A915FA /* DepthNotificationExtension */ = {
			isa = PBXNativeTarget;
			buildConfigurationList = 8F8A36572F3A198D00A915FA /* Build configuration list for PBXNativeTarget "DepthNotificationExtension" */;
			buildPhases = (
				8F8A364B2F3A198D00A915FA /* Sources */,
				8F8A364C2F3A198D00A915FA /* Frameworks */,
				8F8A364D2F3A198D00A915FA /* Resources */,
			);
			buildRules = (
			);
			dependencies = (
			);
			fileSystemSynchronizedGroups = (
				8F8A36502F3A198D00A915FA /* DepthNotificationExtension */,
			);
			name = DepthNotificationExtension;
			packageProductDependencies = (
				8F8A365D2F3A19AD00A915FA /* FirebaseMessaging */,
			);
			productName = DepthNotificationExtension;
			productReference = 8F8A364F2F3A198D00A915FA /* DepthNotificationExtension.appex */;
			productType = "com.apple.product-type.app-extension";
		};
		9558D56D2F22659000F24E01 /* FishDepthNotes */ = {
			isa = PBXNativeTarget;
			buildConfigurationList = 9558D58F2F22659300F24E01 /* Build configuration list for PBXNativeTarget "FishDepthNotes" */;
			buildPhases = (
				9558D56A2F22659000F24E01 /* Sources */,
				9558D56B2F22659000F24E01 /* Frameworks */,
				9558D56C2F22659000F24E01 /* Resources */,
				8F8A365B2F3A198D00A915FA /* Embed Foundation Extensions */,
			);
			buildRules = (
			);
			dependencies = (
				8F8A36552F3A198D00A915FA /* PBXTargetDependency */,
			);
			fileSystemSynchronizedGroups = (
				9558D5702F22659000F24E01 /* FishDepthNotes */,
				9558D5982F2265A000F24E01 /* Home */,
			);
			name = FishDepthNotes;
			packageProductDependencies = (
				8F8A363F2F3A18BD00A915FA /* AppsFlyerLib */,
				8F8A36422F3A190700A915FA /* FirebaseAnalytics */,
				8F8A36442F3A190700A915FA /* FirebaseDatabase */,
				8F8A36462F3A190700A915FA /* FirebaseMessaging */,
			);
			productName = FishDepthNotes;
			productReference = 9558D56E2F22659000F24E01 /* FishDepthNotes.app */;
			productType = "com.apple.product-type.application";
		};
/* End PBXNativeTarget section */

/* Begin PBXProject section */
		9558D5662F22659000F24E01 /* Project object */ = {
			isa = PBXProject;
			attributes = {
				BuildIndependentTargetsInParallel = 1;
				LastSwiftUpdateCheck = 1640;
				LastUpgradeCheck = 2620;
				TargetAttributes = {
					8F8A364E2F3A198D00A915FA = {
						CreatedOnToolsVersion = 16.4;
					};
					9558D56D2F22659000F24E01 = {
						CreatedOnToolsVersion = 26.2;
					};
				};
			};
			buildConfigurationList = 9558D5692F22659000F24E01 /* Build configuration list for PBXProject "FishDepthNotes" */;
			developmentRegion = en;
			hasScannedForEncodings = 0;
			knownRegions = (
				en,
				Base,
			);
			mainGroup = 9558D5652F22659000F24E01;
			minimizedProjectReferenceProxies = 1;
			packageReferences = (
				8F8A363E2F3A18BD00A915FA /* XCRemoteSwiftPackageReference "AppsFlyerFramework" */,
				8F8A36412F3A190700A915FA /* XCRemoteSwiftPackageReference "firebase-ios-sdk" */,
			);
			preferredProjectObjectVersion = 77;
			productRefGroup = 9558D56F2F22659000F24E01 /* Products */;
			projectDirPath = "";
			projectRoot = "";
			targets = (
				9558D56D2F22659000F24E01 /* FishDepthNotes */,
				8F8A364E2F3A198D00A915FA /* DepthNotificationExtension */,
			);
		};
/* End PBXProject section */

/* Begin PBXResourcesBuildPhase section */
		8F8A364D2F3A198D00A915FA /* Resources */ = {
			isa = PBXResourcesBuildPhase;
			buildActionMask = 2147483647;
			files = (
			);
			runOnlyForDeploymentPostprocessing = 0;
		};
		9558D56C2F22659000F24E01 /* Resources */ = {
			isa = PBXResourcesBuildPhase;
			buildActionMask = 2147483647;
			files = (
			);
			runOnlyForDeploymentPostprocessing = 0;
		};
/* End PBXResourcesBuildPhase section */

/* Begin PBXSourcesBuildPhase section */
		8F8A364B2F3A198D00A915FA /* Sources */ = {
			isa = PBXSourcesBuildPhase;
			buildActionMask = 2147483647;
			files = (
			);
			runOnlyForDeploymentPostprocessing = 0;
		};
		9558D56A2F22659000F24E01 /* Sources */ = {
			isa = PBXSourcesBuildPhase;
			buildActionMask = 2147483647;
			files = (
			);
			runOnlyForDeploymentPostprocessing = 0;
		};
/* End PBXSourcesBuildPhase section */

/* Begin PBXTargetDependency section */
		8F8A36552F3A198D00A915FA /* PBXTargetDependency */ = {
			isa = PBXTargetDependency;
			target = 8F8A364E2F3A198D00A915FA /* DepthNotificationExtension */;
			targetProxy = 8F8A36542F3A198D00A915FA /* PBXContainerItemProxy */;
		};
/* End PBXTargetDependency section */

/* Begin XCBuildConfiguration section */
		8F8A36582F3A198D00A915FA /* Debug */ = {
			isa = XCBuildConfiguration;
			buildSettings = {
				CODE_SIGN_STYLE = Automatic;
				CURRENT_PROJECT_VERSION = 1;
				DEVELOPMENT_TEAM = 7X47AV9RN8;
				GENERATE_INFOPLIST_FILE = YES;
				INFOPLIST_FILE = DepthNotificationExtension/Info.plist;
				INFOPLIST_KEY_CFBundleDisplayName = DepthNotificationExtension;
				INFOPLIST_KEY_NSHumanReadableCopyright = "";
				IPHONEOS_DEPLOYMENT_TARGET = 16.0;
				LD_RUNPATH_SEARCH_PATHS = (
					"$(inherited)",
					"@executable_path/Frameworks",
					"@executable_path/../../Frameworks",
				);
				MARKETING_VERSION = 1.0;
				PRODUCT_BUNDLE_IDENTIFIER = com.app.DepthNotes.DepthNotificationExtension;
				PRODUCT_NAME = "$(TARGET_NAME)";
				SKIP_INSTALL = YES;
				SUPPORTED_PLATFORMS = "iphoneos iphonesimulator";
				SUPPORTS_MACCATALYST = NO;
				SUPPORTS_MAC_DESIGNED_FOR_IPHONE_IPAD = NO;
				SUPPORTS_XR_DESIGNED_FOR_IPHONE_IPAD = NO;
				SWIFT_EMIT_LOC_STRINGS = YES;
				SWIFT_VERSION = 5.0;
				TARGETED_DEVICE_FAMILY = 1;
			};
			name = Debug;
		};
		8F8A36592F3A198D00A915FA /* Release */ = {
			isa = XCBuildConfiguration;
			buildSettings = {
				CODE_SIGN_STYLE = Automatic;
				CURRENT_PROJECT_VERSION = 1;
				DEVELOPMENT_TEAM = 7X47AV9RN8;
				GENERATE_INFOPLIST_FILE = YES;
				INFOPLIST_FILE = DepthNotificationExtension/Info.plist;
				INFOPLIST_KEY_CFBundleDisplayName = DepthNotificationExtension;
				INFOPLIST_KEY_NSHumanReadableCopyright = "";
				IPHONEOS_DEPLOYMENT_TARGET = 16.0;
				LD_RUNPATH_SEARCH_PATHS = (
					"$(inherited)",
					"@executable_path/Frameworks",
					"@executable_path/../../Frameworks",
				);
				MARKETING_VERSION = 1.0;
				PRODUCT_BUNDLE_IDENTIFIER = com.app.DepthNotes.DepthNotificationExtension;
				PRODUCT_NAME = "$(TARGET_NAME)";
				SKIP_INSTALL = YES;
				SUPPORTED_PLATFORMS = "iphoneos iphonesimulator";
				SUPPORTS_MACCATALYST = NO;
				SUPPORTS_MAC_DESIGNED_FOR_IPHONE_IPAD = NO;
				SUPPORTS_XR_DESIGNED_FOR_IPHONE_IPAD = NO;
				SWIFT_EMIT_LOC_STRINGS = YES;
				SWIFT_VERSION = 5.0;
				TARGETED_DEVICE_FAMILY = 1;
			};
			name = Release;
		};
		9558D58D2F22659300F24E01 /* Debug */ = {
			isa = XCBuildConfiguration;
			buildSettings = {
				ALWAYS_SEARCH_USER_PATHS = NO;
				ASSETCATALOG_COMPILER_GENERATE_SWIFT_ASSET_SYMBOL_EXTENSIONS = YES;
				CLANG_ANALYZER_NONNULL = YES;
				CLANG_ANALYZER_NUMBER_OBJECT_CONVERSION = YES_AGGRESSIVE;
				CLANG_CXX_LANGUAGE_STANDARD = "gnu++20";
				CLANG_ENABLE_MODULES = YES;
				CLANG_ENABLE_OBJC_ARC = YES;
				CLANG_ENABLE_OBJC_WEAK = YES;
				CLANG_WARN_BLOCK_CAPTURE_AUTORELEASING = YES;
				CLANG_WARN_BOOL_CONVERSION = YES;
				CLANG_WARN_COMMA = YES;
				CLANG_WARN_CONSTANT_CONVERSION = YES;
				CLANG_WARN_DEPRECATED_OBJC_IMPLEMENTATIONS = YES;
				CLANG_WARN_DIRECT_OBJC_ISA_USAGE = YES_ERROR;
				CLANG_WARN_DOCUMENTATION_COMMENTS = YES;
				CLANG_WARN_EMPTY_BODY = YES;
				CLANG_WARN_ENUM_CONVERSION = YES;
				CLANG_WARN_INFINITE_RECURSION = YES;
				CLANG_WARN_INT_CONVERSION = YES;
				CLANG_WARN_NON_LITERAL_NULL_CONVERSION = YES;
				CLANG_WARN_OBJC_IMPLICIT_RETAIN_SELF = YES;
				CLANG_WARN_OBJC_LITERAL_CONVERSION = YES;
				CLANG_WARN_OBJC_ROOT_CLASS = YES_ERROR;
				CLANG_WARN_QUOTED_INCLUDE_IN_FRAMEWORK_HEADER = YES;
				CLANG_WARN_RANGE_LOOP_ANALYSIS = YES;
				CLANG_WARN_STRICT_PROTOTYPES = YES;
				CLANG_WARN_SUSPICIOUS_MOVE = YES;
				CLANG_WARN_UNGUARDED_AVAILABILITY = YES_AGGRESSIVE;
				CLANG_WARN_UNREACHABLE_CODE = YES;
				CLANG_WARN__DUPLICATE_METHOD_MATCH = YES;
				COPY_PHASE_STRIP = NO;
				DEBUG_INFORMATION_FORMAT = dwarf;
				DEVELOPMENT_TEAM = 7X47AV9RN8;
				ENABLE_STRICT_OBJC_MSGSEND = YES;
				ENABLE_TESTABILITY = YES;
				ENABLE_USER_SCRIPT_SANDBOXING = YES;
				GCC_C_LANGUAGE_STANDARD = gnu17;
				GCC_DYNAMIC_NO_PIC = NO;
				GCC_NO_COMMON_BLOCKS = YES;
				GCC_OPTIMIZATION_LEVEL = 0;
				GCC_PREPROCESSOR_DEFINITIONS = (
					"DEBUG=1",
					"$(inherited)",
				);
				GCC_WARN_64_TO_32_BIT_CONVERSION = YES;
				GCC_WARN_ABOUT_RETURN_TYPE = YES_ERROR;
				GCC_WARN_UNDECLARED_SELECTOR = YES;
				GCC_WARN_UNINITIALIZED_AUTOS = YES_AGGRESSIVE;
				GCC_WARN_UNUSED_FUNCTION = YES;
				GCC_WARN_UNUSED_VARIABLE = YES;
				IPHONEOS_DEPLOYMENT_TARGET = 26.2;
				LOCALIZATION_PREFERS_STRING_CATALOGS = YES;
				MTL_ENABLE_DEBUG_INFO = INCLUDE_SOURCE;
				MTL_FAST_MATH = YES;
				ONLY_ACTIVE_ARCH = YES;
				SDKROOT = iphoneos;
				SWIFT_ACTIVE_COMPILATION_CONDITIONS = "DEBUG $(inherited)";
				SWIFT_OPTIMIZATION_LEVEL = "-Onone";
			};
			name = Debug;
		};
		9558D58E2F22659300F24E01 /* Release */ = {
			isa = XCBuildConfiguration;
			buildSettings = {
				ALWAYS_SEARCH_USER_PATHS = NO;
				ASSETCATALOG_COMPILER_GENERATE_SWIFT_ASSET_SYMBOL_EXTENSIONS = YES;
				CLANG_ANALYZER_NONNULL = YES;
				CLANG_ANALYZER_NUMBER_OBJECT_CONVERSION = YES_AGGRESSIVE;
				CLANG_CXX_LANGUAGE_STANDARD = "gnu++20";
				CLANG_ENABLE_MODULES = YES;
				CLANG_ENABLE_OBJC_ARC = YES;
				CLANG_ENABLE_OBJC_WEAK = YES;
				CLANG_WARN_BLOCK_CAPTURE_AUTORELEASING = YES;
				CLANG_WARN_BOOL_CONVERSION = YES;
				CLANG_WARN_COMMA = YES;
				CLANG_WARN_CONSTANT_CONVERSION = YES;
				CLANG_WARN_DEPRECATED_OBJC_IMPLEMENTATIONS = YES;
				CLANG_WARN_DIRECT_OBJC_ISA_USAGE = YES_ERROR;
				CLANG_WARN_DOCUMENTATION_COMMENTS = YES;
				CLANG_WARN_EMPTY_BODY = YES;
				CLANG_WARN_ENUM_CONVERSION = YES;
				CLANG_WARN_INFINITE_RECURSION = YES;
				CLANG_WARN_INT_CONVERSION = YES;
				CLANG_WARN_NON_LITERAL_NULL_CONVERSION = YES;
				CLANG_WARN_OBJC_IMPLICIT_RETAIN_SELF = YES;
				CLANG_WARN_OBJC_LITERAL_CONVERSION = YES;
				CLANG_WARN_OBJC_ROOT_CLASS = YES_ERROR;
				CLANG_WARN_QUOTED_INCLUDE_IN_FRAMEWORK_HEADER = YES;
				CLANG_WARN_RANGE_LOOP_ANALYSIS = YES;
				CLANG_WARN_STRICT_PROTOTYPES = YES;
				CLANG_WARN_SUSPICIOUS_MOVE = YES;
				CLANG_WARN_UNGUARDED_AVAILABILITY = YES_AGGRESSIVE;
				CLANG_WARN_UNREACHABLE_CODE = YES;
				CLANG_WARN__DUPLICATE_METHOD_MATCH = YES;
				COPY_PHASE_STRIP = NO;
				DEBUG_INFORMATION_FORMAT = "dwarf-with-dsym";
				DEVELOPMENT_TEAM = 7X47AV9RN8;
				ENABLE_NS_ASSERTIONS = NO;
				ENABLE_STRICT_OBJC_MSGSEND = YES;
				ENABLE_USER_SCRIPT_SANDBOXING = YES;
				GCC_C_LANGUAGE_STANDARD = gnu17;
				GCC_NO_COMMON_BLOCKS = YES;
				GCC_WARN_64_TO_32_BIT_CONVERSION = YES;
				GCC_WARN_ABOUT_RETURN_TYPE = YES_ERROR;
				GCC_WARN_UNDECLARED_SELECTOR = YES;
				GCC_WARN_UNINITIALIZED_AUTOS = YES_AGGRESSIVE;
				GCC_WARN_UNUSED_FUNCTION = YES;
				GCC_WARN_UNUSED_VARIABLE = YES;
				IPHONEOS_DEPLOYMENT_TARGET = 26.2;
				LOCALIZATION_PREFERS_STRING_CATALOGS = YES;
				MTL_ENABLE_DEBUG_INFO = NO;
				MTL_FAST_MATH = YES;
				SDKROOT = iphoneos;
				SWIFT_COMPILATION_MODE = wholemodule;
				VALIDATE_PRODUCT = YES;
			};
			name = Release;
		};
		9558D5902F22659300F24E01 /* Debug */ = {
			isa = XCBuildConfiguration;
			buildSettings = {
				ASSETCATALOG_COMPILER_APPICON_NAME = AppIcon;
				ASSETCATALOG_COMPILER_GLOBAL_ACCENT_COLOR_NAME = AccentColor;
				CODE_SIGN_ENTITLEMENTS = FishDepthNotes/FishDepthNotes.entitlements;
				CODE_SIGN_STYLE = Automatic;
				CURRENT_PROJECT_VERSION = 1;
				DEVELOPMENT_TEAM = 7X47AV9RN8;
				ENABLE_PREVIEWS = YES;
				GENERATE_INFOPLIST_FILE = YES;
				INFOPLIST_FILE = FishDepthNotes/Info.plist;
				INFOPLIST_KEY_CFBundleDisplayName = "Depth Notes +";
				INFOPLIST_KEY_LSApplicationCategoryType = "public.app-category.productivity";
				INFOPLIST_KEY_NSCameraUsageDescription = "Get access to this application";
				INFOPLIST_KEY_NSUserTrackingUsageDescription = "Depth Notes + may access limited device-level technical data to support core note and logging features, monitor stability, and improve overall usability. This information is used exclusively for internal quality improvements and is not used to track users across other apps, websites, or advertising services.";
				INFOPLIST_KEY_UIApplicationSceneManifest_Generation = YES;
				INFOPLIST_KEY_UIApplicationSupportsIndirectInputEvents = YES;
				INFOPLIST_KEY_UILaunchScreen_Generation = YES;
				INFOPLIST_KEY_UISupportedInterfaceOrientations_iPad = "UIInterfaceOrientationPortrait UIInterfaceOrientationPortraitUpsideDown UIInterfaceOrientationLandscapeLeft UIInterfaceOrientationLandscapeRight";
				INFOPLIST_KEY_UISupportedInterfaceOrientations_iPhone = "UIInterfaceOrientationPortrait UIInterfaceOrientationLandscapeLeft UIInterfaceOrientationLandscapeRight";
				IPHONEOS_DEPLOYMENT_TARGET = 16.0;
				LD_RUNPATH_SEARCH_PATHS = (
					"$(inherited)",
					"@executable_path/Frameworks",
				);
				MARKETING_VERSION = 2.100.0;
				PRODUCT_BUNDLE_IDENTIFIER = com.app.DepthNotes;
				PRODUCT_NAME = "$(TARGET_NAME)";
				STRING_CATALOG_GENERATE_SYMBOLS = YES;
				SUPPORTED_PLATFORMS = "iphoneos iphonesimulator";
				SUPPORTS_MACCATALYST = NO;
				SUPPORTS_MAC_DESIGNED_FOR_IPHONE_IPAD = NO;
				SUPPORTS_XR_DESIGNED_FOR_IPHONE_IPAD = NO;
				SWIFT_APPROACHABLE_CONCURRENCY = YES;
				SWIFT_DEFAULT_ACTOR_ISOLATION = MainActor;
				SWIFT_EMIT_LOC_STRINGS = YES;
				SWIFT_UPCOMING_FEATURE_MEMBER_IMPORT_VISIBILITY = YES;
				SWIFT_VERSION = 5.0;
				TARGETED_DEVICE_FAMILY = 1;
			};
			name = Debug;
		};
		9558D5912F22659300F24E01 /* Release */ = {
			isa = XCBuildConfiguration;
			buildSettings = {
				ASSETCATALOG_COMPILER_APPICON_NAME = AppIcon;
				ASSETCATALOG_COMPILER_GLOBAL_ACCENT_COLOR_NAME = AccentColor;
				CODE_SIGN_ENTITLEMENTS = FishDepthNotes/FishDepthNotes.entitlements;
				CODE_SIGN_STYLE = Automatic;
				CURRENT_PROJECT_VERSION = 1;
				DEVELOPMENT_TEAM = 7X47AV9RN8;
				ENABLE_PREVIEWS = YES;
				GENERATE_INFOPLIST_FILE = YES;
				INFOPLIST_FILE = FishDepthNotes/Info.plist;
				INFOPLIST_KEY_CFBundleDisplayName = "Depth Notes +";
				INFOPLIST_KEY_LSApplicationCategoryType = "public.app-category.productivity";
				INFOPLIST_KEY_NSCameraUsageDescription = "Get access to this application";
				INFOPLIST_KEY_NSUserTrackingUsageDescription = "Depth Notes + may access limited device-level technical data to support core note and logging features, monitor stability, and improve overall usability. This information is used exclusively for internal quality improvements and is not used to track users across other apps, websites, or advertising services.";
				INFOPLIST_KEY_UIApplicationSceneManifest_Generation = YES;
				INFOPLIST_KEY_UIApplicationSupportsIndirectInputEvents = YES;
				INFOPLIST_KEY_UILaunchScreen_Generation = YES;
				INFOPLIST_KEY_UISupportedInterfaceOrientations_iPad = "UIInterfaceOrientationPortrait UIInterfaceOrientationPortraitUpsideDown UIInterfaceOrientationLandscapeLeft UIInterfaceOrientationLandscapeRight";
				INFOPLIST_KEY_UISupportedInterfaceOrientations_iPhone = "UIInterfaceOrientationPortrait UIInterfaceOrientationLandscapeLeft UIInterfaceOrientationLandscapeRight";
				IPHONEOS_DEPLOYMENT_TARGET = 16.0;
				LD_RUNPATH_SEARCH_PATHS = (
					"$(inherited)",
					"@executable_path/Frameworks",
				);
				MARKETING_VERSION = 2.100.0;
				PRODUCT_BUNDLE_IDENTIFIER = com.app.DepthNotes;
				PRODUCT_NAME = "$(TARGET_NAME)";
				STRING_CATALOG_GENERATE_SYMBOLS = YES;
				SUPPORTED_PLATFORMS = "iphoneos iphonesimulator";
				SUPPORTS_MACCATALYST = NO;
				SUPPORTS_MAC_DESIGNED_FOR_IPHONE_IPAD = NO;
				SUPPORTS_XR_DESIGNED_FOR_IPHONE_IPAD = NO;
				SWIFT_APPROACHABLE_CONCURRENCY = YES;
				SWIFT_DEFAULT_ACTOR_ISOLATION = MainActor;
				SWIFT_EMIT_LOC_STRINGS = YES;
				SWIFT_UPCOMING_FEATURE_MEMBER_IMPORT_VISIBILITY = YES;
				SWIFT_VERSION = 5.0;
				TARGETED_DEVICE_FAMILY = 1;
			};
			name = Release;
		};
/* End XCBuildConfiguration section */

/* Begin XCConfigurationList section */
		8F8A36572F3A198D00A915FA /* Build configuration list for PBXNativeTarget "DepthNotificationExtension" */ = {
			isa = XCConfigurationList;
			buildConfigurations = (
				8F8A36582F3A198D00A915FA /* Debug */,
				8F8A36592F3A198D00A915FA /* Release */,
			);
			defaultConfigurationIsVisible = 0;
			defaultConfigurationName = Release;
		};
		9558D5692F22659000F24E01 /* Build configuration list for PBXProject "FishDepthNotes" */ = {
			isa = XCConfigurationList;
			buildConfigurations = (
				9558D58D2F22659300F24E01 /* Debug */,
				9558D58E2F22659300F24E01 /* Release */,
			);
			defaultConfigurationIsVisible = 0;
			defaultConfigurationName = Release;
		};
		9558D58F2F22659300F24E01 /* Build configuration list for PBXNativeTarget "FishDepthNotes" */ = {
			isa = XCConfigurationList;
			buildConfigurations = (
				9558D5902F22659300F24E01 /* Debug */,
				9558D5912F22659300F24E01 /* Release */,
			);
			defaultConfigurationIsVisible = 0;
			defaultConfigurationName = Release;
		};
/* End XCConfigurationList section */

/* Begin XCRemoteSwiftPackageReference section */
		8F8A363E2F3A18BD00A915FA /* XCRemoteSwiftPackageReference "AppsFlyerFramework" */ = {
			isa = XCRemoteSwiftPackageReference;
			repositoryURL = "https://github.com/AppsFlyerSDK/AppsFlyerFramework";
			requirement = {
				kind = upToNextMajorVersion;
				minimumVersion = 6.17.8;
			};
		};
		8F8A36412F3A190700A915FA /* XCRemoteSwiftPackageReference "firebase-ios-sdk" */ = {
			isa = XCRemoteSwiftPackageReference;
			repositoryURL = "https://github.com/firebase/firebase-ios-sdk";
			requirement = {
				kind = upToNextMajorVersion;
				minimumVersion = 12.9.0;
			};
		};
/* End XCRemoteSwiftPackageReference section */

/* Begin XCSwiftPackageProductDependency section */
		8F8A363F2F3A18BD00A915FA /* AppsFlyerLib */ = {
			isa = XCSwiftPackageProductDependency;
			package = 8F8A363E2F3A18BD00A915FA /* XCRemoteSwiftPackageReference "AppsFlyerFramework" */;
			productName = AppsFlyerLib;
		};
		8F8A36422F3A190700A915FA /* FirebaseAnalytics */ = {
			isa = XCSwiftPackageProductDependency;
			package = 8F8A36412F3A190700A915FA /* XCRemoteSwiftPackageReference "firebase-ios-sdk" */;
			productName = FirebaseAnalytics;
		};
		8F8A36442F3A190700A915FA /* FirebaseDatabase */ = {
			isa = XCSwiftPackageProductDependency;
			package = 8F8A36412F3A190700A915FA /* XCRemoteSwiftPackageReference "firebase-ios-sdk" */;
			productName = FirebaseDatabase;
		};
		8F8A36462F3A190700A915FA /* FirebaseMessaging */ = {
			isa = XCSwiftPackageProductDependency;
			package = 8F8A36412F3A190700A915FA /* XCRemoteSwiftPackageReference "firebase-ios-sdk" */;
			productName = FirebaseMessaging;
		};
		8F8A365D2F3A19AD00A915FA /* FirebaseMessaging */ = {
			isa = XCSwiftPackageProductDependency;
			package = 8F8A36412F3A190700A915FA /* XCRemoteSwiftPackageReference "firebase-ios-sdk" */;
			productName = FirebaseMessaging;
		};
/* End XCSwiftPackageProductDependency section */
	};
	rootObject = 9558D5662F22659000F24E01 /* Project object */;
}
